<?xml version="1.0"?>
<CONFIG>
  <ProjectOptions>
    <PathDelim Value="\"/>
    <Version Value="7"/>
    <General>
      <Flags>
        <MainUnitHasTitleStatement Value="False"/>
      </Flags>
      <MainUnit Value="0"/>
      <AutoCreateForms Value="False"/>
      <TargetFileExt Value=""/>
      <Title Value="EpiData Software Core Test Project"/>
      <Icon Value="0"/>
      <UseXPManifest Value="True"/>
      <ActiveEditorIndexAtStart Value="1"/>
    </General>
    <VersionInfo>
      <UseVersionInfo Value="True"/>
      <CurrentMajorRevNr Value="1"/>
      <CurrentMinorRevNr Value="1"/>
      <CurrentBuildNr Value="94"/>
      <ProjectVersion Value="0.1.1.93"/>
      <CharSet Value="04B0"/>
    </VersionInfo>
    <PublishOptions>
      <Version Value="2"/>
      <IgnoreBinaries Value="False"/>
      <IncludeFileFilter Value="*.(pas|pp|inc|lfm|lpr|lrs|lpi|lpk|sh|xml)"/>
      <ExcludeFileFilter Value="*.(bak|ppu|ppw|o|so);*~;backup"/>
    </PublishOptions>
    <RunParams>
      <local>
        <FormatVersion Value="1"/>
        <LaunchingApplication PathPlusParams="\usr\X11R6\bin\xterm -T 'Lazarus Run Output' -e $(LazarusDir)\tools\runwait.sh $(TargetCmdLine)"/>
      </local>
    </RunParams>
    <RequiredPackages Count="2">
      <Item1>
        <PackageName Value="FCL"/>
      </Item1>
      <Item2>
        <PackageName Value="LCL"/>
      </Item2>
    </RequiredPackages>
    <Units Count="76">
      <Unit0>
        <Filename Value="minimalcore.lpr"/>
        <IsPartOfProject Value="True"/>
        <UnitName Value="minimalcore"/>
        <CursorPos X="41" Y="30"/>
        <TopLine Value="1"/>
        <EditorIndex Value="0"/>
        <UsageCount Value="203"/>
        <Loaded Value="True"/>
      </Unit0>
      <Unit1>
        <Filename Value="..\Datafile\uqeshandler.pas"/>
        <IsPartOfProject Value="True"/>
        <UnitName Value="UQesHandler"/>
        <CursorPos X="1" Y="215"/>
        <TopLine Value="186"/>
        <UsageCount Value="217"/>
      </Unit1>
      <Unit2>
        <Filename Value="ucommon.pas"/>
        <IsPartOfProject Value="True"/>
        <UnitName Value="UCommon"/>
        <CursorPos X="38" Y="115"/>
        <TopLine Value="92"/>
        <UsageCount Value="217"/>
      </Unit2>
      <Unit3>
        <Filename Value="umain.pas"/>
        <IsPartOfProject Value="True"/>
        <ComponentName Value="MainForm"/>
        <HasResources Value="True"/>
        <ResourceBaseClass Value="Form"/>
        <UnitName Value="UMain"/>
        <CursorPos X="70" Y="412"/>
        <TopLine Value="394"/>
        <UsageCount Value="217"/>
      </Unit3>
      <Unit4>
        <Filename Value="upwform.pas"/>
        <IsPartOfProject Value="True"/>
        <ComponentName Value="formPW"/>
        <HasResources Value="True"/>
        <ResourceBaseClass Value="Form"/>
        <UnitName Value="UPWform"/>
        <CursorPos X="1" Y="1"/>
        <TopLine Value="1"/>
        <UsageCount Value="217"/>
      </Unit4>
      <Unit5>
        <Filename Value="uwarning.pas"/>
        <IsPartOfProject Value="True"/>
        <ComponentName Value="WarningForm"/>
        <HasResources Value="True"/>
        <ResourceBaseClass Value="Form"/>
        <UnitName Value="UWarning"/>
        <CursorPos X="1" Y="1"/>
        <TopLine Value="1"/>
        <UsageCount Value="217"/>
      </Unit5>
      <Unit6>
        <Filename Value="..\Datafile\UCheckFileCmds.pas"/>
        <IsPartOfProject Value="True"/>
        <UnitName Value="UCheckFileCmds"/>
        <UsageCount Value="217"/>
      </Unit6>
      <Unit7>
        <Filename Value="..\Datafile\UCheckFileIO.pas"/>
        <IsPartOfProject Value="True"/>
        <UnitName Value="UCheckFileIO"/>
        <CursorPos X="67" Y="1545"/>
        <TopLine Value="1522"/>
        <UsageCount Value="217"/>
      </Unit7>
      <Unit8>
        <Filename Value="..\Datafile\UCheckFileTypes.pas"/>
        <IsPartOfProject Value="True"/>
        <UnitName Value="UCheckFileTypes"/>
        <CursorPos X="3" Y="22"/>
        <TopLine Value="1"/>
        <UsageCount Value="217"/>
      </Unit8>
      <Unit9>
        <Filename Value="..\Datafile\UDataFileTypes.pas"/>
        <IsPartOfProject Value="True"/>
        <UnitName Value="UDataFileTypes"/>
        <CursorPos X="66" Y="30"/>
        <TopLine Value="1"/>
        <UsageCount Value="217"/>
      </Unit9>
      <Unit10>
        <Filename Value="..\Datafile\UEpiDataFile.pas"/>
        <IsPartOfProject Value="True"/>
        <UnitName Value="UEpiDataFile"/>
        <CursorPos X="3" Y="1364"/>
        <TopLine Value="1360"/>
        <EditorIndex Value="2"/>
        <UsageCount Value="217"/>
        <Loaded Value="True"/>
      </Unit10>
      <Unit11>
        <Filename Value="..\Datafile\uimportexport.pas"/>
        <IsPartOfProject Value="True"/>
        <ComponentName Value="Form1"/>
        <HasResources Value="True"/>
        <ResourceBaseClass Value="Form"/>
        <UnitName Value="UImportExport"/>
        <CursorPos X="81" Y="1620"/>
        <TopLine Value="1595"/>
        <EditorIndex Value="1"/>
        <UsageCount Value="217"/>
        <Bookmarks Count="2">
          <Item0 X="3" Y="1623" ID="1"/>
          <Item1 X="3" Y="1384" ID="2"/>
        </Bookmarks>
        <Loaded Value="True"/>
      </Unit11>
      <Unit12>
        <Filename Value="..\Datafile\UValueLabels.pas"/>
        <IsPartOfProject Value="True"/>
        <UnitName Value="UValueLabels"/>
        <CursorPos X="1" Y="1"/>
        <TopLine Value="1"/>
        <UsageCount Value="217"/>
      </Unit12>
      <Unit13>
        <Filename Value="..\Encryption\Base64.pas"/>
        <IsPartOfProject Value="True"/>
        <UnitName Value="Base64"/>
        <UsageCount Value="217"/>
      </Unit13>
      <Unit14>
        <Filename Value="..\Encryption\DCPcrypt.pas"/>
        <IsPartOfProject Value="True"/>
        <UnitName Value="DCPcrypt"/>
        <UsageCount Value="217"/>
      </Unit14>
      <Unit15>
        <Filename Value="..\Encryption\Rijndael.pas"/>
        <IsPartOfProject Value="True"/>
        <UnitName Value="Rijndael"/>
        <UsageCount Value="217"/>
      </Unit15>
      <Unit16>
        <Filename Value="..\Encryption\SHA1.pas"/>
        <IsPartOfProject Value="True"/>
        <UnitName Value="SHA1"/>
        <UsageCount Value="217"/>
      </Unit16>
      <Unit17>
        <Filename Value="..\Utils\UDateUtils.pas"/>
        <IsPartOfProject Value="True"/>
        <UnitName Value="UDateUtils"/>
        <CursorPos X="1" Y="170"/>
        <TopLine Value="163"/>
        <UsageCount Value="217"/>
      </Unit17>
      <Unit18>
        <Filename Value="..\Utils\UDebug.pas"/>
        <UnitName Value="UDebug"/>
        <CursorPos X="8" Y="14"/>
        <TopLine Value="1"/>
        <UsageCount Value="45"/>
      </Unit18>
      <Unit19>
        <Filename Value="..\Utils\UEpiDataConstants.pas"/>
        <UnitName Value="UEpiDataConstants"/>
        <CursorPos X="71" Y="12"/>
        <TopLine Value="1"/>
        <UsageCount Value="67"/>
      </Unit19>
      <Unit20>
        <Filename Value="..\Utils\UEpiUtils.pas"/>
        <IsPartOfProject Value="True"/>
        <UnitName Value="UEpiUtils"/>
        <CursorPos X="101" Y="200"/>
        <TopLine Value="175"/>
        <UsageCount Value="217"/>
      </Unit20>
      <Unit21>
        <Filename Value="..\Utils\UStringUtils.pas"/>
        <IsPartOfProject Value="True"/>
        <UnitName Value="UStringUtils"/>
        <CursorPos X="1" Y="159"/>
        <TopLine Value="120"/>
        <UsageCount Value="217"/>
      </Unit21>
      <Unit22>
        <Filename Value="..\Utils\UUtilTypes.pas"/>
        <IsPartOfProject Value="True"/>
        <UnitName Value="UUtilTypes"/>
        <CursorPos X="3" Y="8"/>
        <TopLine Value="1"/>
        <UsageCount Value="217"/>
      </Unit22>
      <Unit23>
        <Filename Value="..\Utils\UEpiLog.pas"/>
        <IsPartOfProject Value="True"/>
        <UnitName Value="UEpiLog"/>
        <CursorPos X="14" Y="94"/>
        <TopLine Value="76"/>
        <UsageCount Value="200"/>
      </Unit23>
      <Unit24>
        <Filename Value="..\Utils\uepidataglobals.pas"/>
        <IsPartOfProject Value="True"/>
        <UnitName Value="UEpiDataGlobals"/>
        <CursorPos X="3" Y="31"/>
        <TopLine Value="8"/>
        <UsageCount Value="224"/>
      </Unit24>
      <Unit25>
        <Filename Value="..\..\..\..\..\..\usr\share\fpcsrc\rtl\objpas\sysutils\sysstrh.inc"/>
        <CursorPos X="10" Y="214"/>
        <TopLine Value="191"/>
        <UsageCount Value="24"/>
      </Unit25>
      <Unit26>
        <Filename Value="..\..\..\..\..\..\usr\share\fpcsrc\rtl\objpas\sysutils\sysstr.inc"/>
        <CursorPos X="3" Y="811"/>
        <TopLine Value="795"/>
        <UsageCount Value="24"/>
      </Unit26>
      <Unit27>
        <Filename Value="..\..\..\Entry\source\ImportUnit.pas"/>
        <UnitName Value="ImportUnit"/>
        <CursorPos X="69" Y="52"/>
        <TopLine Value="40"/>
        <UsageCount Value="8"/>
      </Unit27>
      <Unit28>
        <Filename Value="uimportform.pas"/>
        <IsPartOfProject Value="True"/>
        <ComponentName Value="ImportForm"/>
        <ResourceBaseClass Value="Form"/>
        <UnitName Value="uimportform"/>
        <CursorPos X="71" Y="72"/>
        <TopLine Value="53"/>
        <UsageCount Value="219"/>
      </Unit28>
      <Unit29>
        <Filename Value="..\..\..\localtest\ImportUnit.pas"/>
        <ComponentName Value="ImportForm"/>
        <HasResources Value="True"/>
        <ResourceBaseClass Value="Form"/>
        <UnitName Value="ImportUnit"/>
        <CursorPos X="3" Y="108"/>
        <TopLine Value="106"/>
        <UsageCount Value="8"/>
      </Unit29>
      <Unit30>
        <Filename Value="..\..\..\..\..\..\usr\local\share\lazarus\lcl\stdctrls.pp"/>
        <UnitName Value="StdCtrls"/>
        <CursorPos X="89" Y="1101"/>
        <TopLine Value="1078"/>
        <UsageCount Value="1"/>
      </Unit30>
      <Unit31>
        <Filename Value="..\..\..\..\..\..\usr\local\share\lazarus\lcl\controls.pp"/>
        <UnitName Value="Controls"/>
        <CursorPos X="3" Y="49"/>
        <TopLine Value="26"/>
        <UsageCount Value="1"/>
      </Unit31>
      <Unit32>
        <Filename Value="..\..\..\..\..\..\usr\share\fpcsrc\rtl\inc\astrings.inc"/>
        <CursorPos X="1" Y="108"/>
        <TopLine Value="88"/>
        <UsageCount Value="2"/>
      </Unit32>
      <Unit33>
        <Filename Value="..\..\..\..\..\..\usr\share\fpcsrc\rtl\inc\except.inc"/>
        <CursorPos X="1" Y="227"/>
        <TopLine Value="204"/>
        <UsageCount Value="2"/>
      </Unit33>
      <Unit34>
        <Filename Value="..\..\..\..\..\..\usr\share\fpcsrc\rtl\inc\heap.inc"/>
        <CursorPos X="1" Y="278"/>
        <TopLine Value="255"/>
        <UsageCount Value="2"/>
      </Unit34>
      <Unit35>
        <Filename Value="..\..\..\..\..\..\usr\share\fpcsrc\rtl\inc\genset.inc"/>
        <CursorPos X="1" Y="300"/>
        <TopLine Value="277"/>
        <UsageCount Value="2"/>
      </Unit35>
      <Unit36>
        <Filename Value="..\..\..\..\..\..\usr\local\share\lazarus\lcl\include\control.inc"/>
        <CursorPos X="1" Y="2663"/>
        <TopLine Value="2640"/>
        <UsageCount Value="2"/>
      </Unit36>
      <Unit37>
        <Filename Value="..\..\..\..\..\..\usr\share\fpcsrc\rtl\objpas\classes\classesh.inc"/>
        <CursorPos X="14" Y="192"/>
        <TopLine Value="169"/>
        <UsageCount Value="3"/>
      </Unit37>
      <Unit38>
        <Filename Value="..\..\..\..\..\..\usr\share\fpcsrc\rtl\objpas\classes\streams.inc"/>
        <CursorPos X="3" Y="29"/>
        <TopLine Value="27"/>
        <UsageCount Value="1"/>
      </Unit38>
      <Unit39>
        <Filename Value="..\..\..\..\..\..\usr\share\fpcsrc\rtl\inc\system.inc"/>
        <CursorPos X="1" Y="913"/>
        <TopLine Value="890"/>
        <UsageCount Value="1"/>
      </Unit39>
      <Unit40>
        <Filename Value="..\..\..\Analysis\trunk\UFrames.pas"/>
        <UnitName Value="UFrames"/>
        <CursorPos X="3" Y="1877"/>
        <TopLine Value="1875"/>
        <UsageCount Value="21"/>
      </Unit40>
      <Unit41>
        <Filename Value="..\..\..\..\FreePascal\fpcsrc\rtl\inc\system.inc"/>
        <CursorPos X="78" Y="921"/>
        <TopLine Value="891"/>
        <UsageCount Value="26"/>
      </Unit41>
      <Unit42>
        <Filename Value="..\..\..\..\FreePascal\fpcsrc\rtl\inc\astrings.inc"/>
        <CursorPos X="1" Y="108"/>
        <TopLine Value="85"/>
        <UsageCount Value="25"/>
      </Unit42>
      <Unit43>
        <Filename Value="..\..\..\..\FreePascal\fpcsrc\rtl\inc\sstrings.inc"/>
        <CursorPos X="1" Y="191"/>
        <TopLine Value="168"/>
        <UsageCount Value="1"/>
      </Unit43>
      <Unit44>
        <Filename Value="..\..\..\Analysis\trunk\DataBrowser\UpdateBrowse.pas"/>
        <UnitName Value="UpdateBrowse"/>
        <CursorPos X="13" Y="527"/>
        <TopLine Value="635"/>
        <UsageCount Value="3"/>
      </Unit44>
      <Unit45>
        <Filename Value="..\..\..\..\FreePascal\fpspreadsheet\fpspreadsheet.pas"/>
        <UnitName Value="fpspreadsheet"/>
        <CursorPos X="26" Y="82"/>
        <TopLine Value="59"/>
        <UsageCount Value="31"/>
      </Unit45>
      <Unit46>
        <Filename Value="settings.pas"/>
        <IsPartOfProject Value="True"/>
        <ComponentName Value="SettingsForm"/>
        <ResourceBaseClass Value="Form"/>
        <UnitName Value="Settings"/>
        <CursorPos X="44" Y="34"/>
        <TopLine Value="14"/>
        <UsageCount Value="203"/>
      </Unit46>
      <Unit47>
        <Filename Value="..\..\..\..\FreePascal\lazarus\lcl\lconvencoding.pas"/>
        <UnitName Value="LConvEncoding"/>
        <CursorPos X="29" Y="3623"/>
        <TopLine Value="3611"/>
        <UsageCount Value="25"/>
      </Unit47>
      <Unit48>
        <Filename Value="..\..\..\..\FreePascal\lazarus\lcl\grids.pas"/>
        <UnitName Value="Grids"/>
        <CursorPos X="76" Y="7370"/>
        <TopLine Value="7348"/>
        <UsageCount Value="19"/>
      </Unit48>
      <Unit49>
        <Filename Value="..\..\..\..\FreePascal\fpcsrc\rtl\inc\text.inc"/>
        <CursorPos X="1" Y="522"/>
        <TopLine Value="499"/>
        <UsageCount Value="3"/>
      </Unit49>
      <Unit50>
        <Filename Value="..\..\..\..\FreePascal\fpcsrc\rtl\objpas\sysutils\sysstr.inc"/>
        <CursorPos X="1" Y="947"/>
        <TopLine Value="924"/>
        <UsageCount Value="4"/>
      </Unit50>
      <Unit51>
        <Filename Value="..\..\..\..\FreePascal\fpcsrc\rtl\objpas\sysutils\sysformt.inc"/>
        <CursorPos X="1" Y="303"/>
        <TopLine Value="280"/>
        <UsageCount Value="4"/>
      </Unit51>
      <Unit52>
        <Filename Value="..\..\..\..\FreePascal\fpcsrc\rtl\inc\generic.inc"/>
        <CursorPos X="1" Y="827"/>
        <TopLine Value="804"/>
        <UsageCount Value="3"/>
      </Unit52>
      <Unit53>
        <Filename Value="..\..\..\..\FreePascal\fpcsrc\rtl\objpas\classes\streams.inc"/>
        <CursorPos X="1" Y="662"/>
        <TopLine Value="639"/>
        <UsageCount Value="3"/>
      </Unit53>
      <Unit54>
        <Filename Value="..\..\..\..\FreePascal\fpcsrc\rtl\inc\heap.inc"/>
        <CursorPos X="1" Y="278"/>
        <TopLine Value="255"/>
        <UsageCount Value="1"/>
      </Unit54>
      <Unit55>
        <Filename Value="..\..\..\..\FreePascal\fpspreadsheet\fpsallformats.pas"/>
        <UnitName Value="fpsallformats"/>
        <CursorPos X="42" Y="13"/>
        <TopLine Value="1"/>
        <UsageCount Value="6"/>
      </Unit55>
      <Unit56>
        <Filename Value="..\..\..\..\FreePascal\fpspreadsheet\xlsbiff2.pas"/>
        <UnitName Value="xlsbiff2"/>
        <CursorPos X="48" Y="37"/>
        <TopLine Value="14"/>
        <UsageCount Value="5"/>
      </Unit56>
      <Unit57>
        <Filename Value="..\..\..\..\FreePascal\fpspreadsheet\xlscommon.pas"/>
        <UnitName Value="xlscommon"/>
        <CursorPos X="3" Y="32"/>
        <TopLine Value="1"/>
        <UsageCount Value="5"/>
      </Unit57>
      <Unit58>
        <Filename Value="..\..\..\..\..\..\usr\share\fpcsrc\rtl\objpas\classes\lists.inc"/>
        <CursorPos X="12" Y="103"/>
        <TopLine Value="100"/>
        <UsageCount Value="1"/>
      </Unit58>
      <Unit59>
        <Filename Value="..\..\..\..\FreePascal\fpspreadsheet\fpszipper.pp"/>
        <UnitName Value="fpszipper"/>
        <CursorPos X="61" Y="1502"/>
        <TopLine Value="1478"/>
        <UsageCount Value="9"/>
      </Unit59>
      <Unit60>
        <Filename Value="..\..\..\..\FreePascal\fpspreadsheet\fpsopendocument.pas"/>
        <UnitName Value="fpsopendocument"/>
        <CursorPos X="69" Y="418"/>
        <TopLine Value="406"/>
        <UsageCount Value="10"/>
      </Unit60>
      <Unit61>
        <Filename Value="..\..\..\..\FreePascal\fpspreadsheet\fpsutils.pas"/>
        <UnitName Value="fpsutils"/>
        <CursorPos X="1" Y="1"/>
        <TopLine Value="72"/>
        <UsageCount Value="5"/>
      </Unit61>
      <Unit62>
        <Filename Value="..\..\..\..\..\..\usr\share\fpcsrc\packages\fcl-xml\src\dom.pp"/>
        <UnitName Value="DOM"/>
        <CursorPos X="1" Y="1"/>
        <TopLine Value="1"/>
        <UsageCount Value="5"/>
      </Unit62>
      <Unit63>
        <Filename Value="..\..\..\..\FreePascal\fpspreadsheet\fpsconvencoding.pas"/>
        <UnitName Value="fpsconvencoding"/>
        <CursorPos X="1" Y="1"/>
        <TopLine Value="1"/>
        <UsageCount Value="5"/>
      </Unit63>
      <Unit64>
        <Filename Value="..\..\..\..\FreePascal\fpspreadsheet\fpolebasic.pas"/>
        <UnitName Value="fpolebasic"/>
        <CursorPos X="1" Y="1"/>
        <TopLine Value="1"/>
        <UsageCount Value="5"/>
      </Unit64>
      <Unit65>
        <Filename Value="..\..\..\..\FreePascal\fpspreadsheet\fpolestorage.pas"/>
        <UnitName Value="fpolestorage"/>
        <CursorPos X="1" Y="1"/>
        <TopLine Value="66"/>
        <UsageCount Value="5"/>
      </Unit65>
      <Unit66>
        <Filename Value="..\..\..\..\FreePascal\fpspreadsheet\laz_fpspreadsheet.pas"/>
        <UnitName Value="laz_fpspreadsheet"/>
        <CursorPos X="1" Y="1"/>
        <TopLine Value="1"/>
        <UsageCount Value="5"/>
      </Unit66>
      <Unit67>
        <Filename Value="..\..\..\..\FreePascal\fpspreadsheet\uvirtuallayer.pas"/>
        <UnitName Value="uvirtuallayer"/>
        <CursorPos X="1" Y="1"/>
        <TopLine Value="1"/>
        <UsageCount Value="5"/>
      </Unit67>
      <Unit68>
        <Filename Value="..\..\..\..\FreePascal\fpspreadsheet\uvirtuallayer_ole.pas"/>
        <UnitName Value="uvirtuallayer_ole"/>
        <CursorPos X="1" Y="1"/>
        <TopLine Value="1"/>
        <UsageCount Value="5"/>
      </Unit68>
      <Unit69>
        <Filename Value="..\..\..\..\FreePascal\fpspreadsheet\uvirtuallayer_ole_helpers.pas"/>
        <UnitName Value="uvirtuallayer_ole_helpers"/>
        <CursorPos X="1" Y="1"/>
        <TopLine Value="1"/>
        <UsageCount Value="5"/>
      </Unit69>
      <Unit70>
        <Filename Value="..\..\..\..\FreePascal\fpspreadsheet\uvirtuallayer_ole_types.pas"/>
        <UnitName Value="uvirtuallayer_ole_types"/>
        <CursorPos X="1" Y="1"/>
        <TopLine Value="1"/>
        <UsageCount Value="5"/>
      </Unit70>
      <Unit71>
        <Filename Value="..\..\..\..\FreePascal\fpspreadsheet\uvirtuallayer_stream.pas"/>
        <UnitName Value="uvirtuallayer_stream"/>
        <CursorPos X="1" Y="1"/>
        <TopLine Value="1"/>
        <UsageCount Value="5"/>
      </Unit71>
      <Unit72>
        <Filename Value="..\..\..\..\FreePascal\fpspreadsheet\uvirtuallayer_types.pas"/>
        <UnitName Value="uvirtuallayer_types"/>
        <CursorPos X="1" Y="1"/>
        <TopLine Value="1"/>
        <UsageCount Value="5"/>
      </Unit72>
      <Unit73>
        <Filename Value="..\..\..\..\FreePascal\fpspreadsheet\xlsbiff5.pas"/>
        <UnitName Value="xlsbiff5"/>
        <CursorPos X="1" Y="1"/>
        <TopLine Value="1"/>
        <UsageCount Value="5"/>
      </Unit73>
      <Unit74>
        <Filename Value="..\..\..\..\FreePascal\fpspreadsheet\xlsbiff8.pas"/>
        <UnitName Value="xlsbiff8"/>
        <CursorPos X="1" Y="1"/>
        <TopLine Value="1"/>
        <UsageCount Value="5"/>
      </Unit74>
      <Unit75>
        <Filename Value="..\..\..\..\FreePascal\fpspreadsheet\xlsxooxml.pas"/>
        <UnitName Value="xlsxooxml"/>
        <CursorPos X="72" Y="23"/>
        <TopLine Value="1"/>
        <UsageCount Value="5"/>
      </Unit75>
    </Units>
    <JumpHistory Count="28" HistoryIndex="27">
      <Position1>
        <Filename Value="..\Datafile\uimportexport.pas"/>
        <Caret Line="33" Column="58" TopLine="1"/>
      </Position1>
      <Position2>
        <Filename Value="..\Datafile\uimportexport.pas"/>
        <Caret Line="1" Column="1" TopLine="1"/>
      </Position2>
      <Position3>
        <Filename Value="..\Datafile\uimportexport.pas"/>
        <Caret Line="8" Column="66" TopLine="1"/>
      </Position3>
      <Position4>
        <Filename Value="..\Datafile\uimportexport.pas"/>
        <Caret Line="30" Column="93" TopLine="1"/>
      </Position4>
      <Position5>
        <Filename Value="..\Datafile\uimportexport.pas"/>
        <Caret Line="1489" Column="32" TopLine="1466"/>
      </Position5>
      <Position6>
        <Filename Value="..\Datafile\uimportexport.pas"/>
        <Caret Line="1450" Column="24" TopLine="1450"/>
      </Position6>
      <Position7>
        <Filename Value="..\Datafile\uimportexport.pas"/>
        <Caret Line="1471" Column="11" TopLine="1453"/>
      </Position7>
      <Position8>
        <Filename Value="..\Datafile\uimportexport.pas"/>
        <Caret Line="1445" Column="9" TopLine="1421"/>
      </Position8>
      <Position9>
        <Filename Value="..\Datafile\uimportexport.pas"/>
        <Caret Line="176" Column="19" TopLine="155"/>
      </Position9>
      <Position10>
        <Filename Value="..\Datafile\uimportexport.pas"/>
        <Caret Line="1451" Column="24" TopLine="1451"/>
      </Position10>
      <Position11>
        <Filename Value="..\Datafile\uimportexport.pas"/>
        <Caret Line="1497" Column="47" TopLine="1478"/>
      </Position11>
      <Position12>
        <Filename Value="..\Datafile\uimportexport.pas"/>
        <Caret Line="1452" Column="17" TopLine="1452"/>
      </Position12>
      <Position13>
        <Filename Value="..\Datafile\uimportexport.pas"/>
        <Caret Line="1453" Column="19" TopLine="1453"/>
      </Position13>
      <Position14>
        <Filename Value="..\Datafile\uimportexport.pas"/>
        <Caret Line="1557" Column="26" TopLine="1544"/>
      </Position14>
      <Position15>
        <Filename Value="..\Datafile\uimportexport.pas"/>
        <Caret Line="1454" Column="29" TopLine="1454"/>
      </Position15>
      <Position16>
        <Filename Value="..\Datafile\uimportexport.pas"/>
        <Caret Line="1593" Column="23" TopLine="1577"/>
      </Position16>
      <Position17>
        <Filename Value="..\Datafile\uimportexport.pas"/>
        <Caret Line="1455" Column="24" TopLine="1455"/>
      </Position17>
      <Position18>
        <Filename Value="..\Datafile\uimportexport.pas"/>
        <Caret Line="1599" Column="28" TopLine="1574"/>
      </Position18>
      <Position19>
        <Filename Value="..\Datafile\uimportexport.pas"/>
        <Caret Line="1611" Column="32" TopLine="1586"/>
      </Position19>
      <Position20>
        <Filename Value="minimalcore.lpr"/>
        <Caret Line="30" Column="41" TopLine="1"/>
      </Position20>
      <Position21>
        <Filename Value="..\Datafile\uimportexport.pas"/>
        <Caret Line="1607" Column="7" TopLine="1592"/>
      </Position21>
      <Position22>
        <Filename Value="..\Datafile\uimportexport.pas"/>
        <Caret Line="2421" Column="25" TopLine="2410"/>
      </Position22>
      <Position23>
        <Filename Value="..\Datafile\uimportexport.pas"/>
        <Caret Line="1515" Column="81" TopLine="1492"/>
      </Position23>
      <Position24>
        <Filename Value="..\Datafile\uimportexport.pas"/>
        <Caret Line="1522" Column="59" TopLine="1492"/>
      </Position24>
      <Position25>
        <Filename Value="..\Datafile\uimportexport.pas"/>
        <Caret Line="1521" Column="48" TopLine="1498"/>
      </Position25>
      <Position26>
        <Filename Value="..\Datafile\uimportexport.pas"/>
        <Caret Line="1495" Column="46" TopLine="1476"/>
      </Position26>
      <Position27>
        <Filename Value="..\Datafile\uimportexport.pas"/>
        <Caret Line="1450" Column="22" TopLine="1421"/>
      </Position27>
      <Position28>
        <Filename Value="..\Datafile\uimportexport.pas"/>
        <Caret Line="1613" Column="12" TopLine="1590"/>
      </Position28>
    </JumpHistory>
  </ProjectOptions>
  <CompilerOptions>
    <Version Value="8"/>
    <PathDelim Value="\"/>
    <Target>
      <Filename Value="minimalcoretest"/>
    </Target>
    <SearchPaths>
      <IncludeFiles Value="$(ProjOutDir)\"/>
      <OtherUnitFiles Value="..\Datafile\;..\Encryption\;..\Utils\;$PkgSrcPath(laz_fpspreadsheet 0.0)\"/>
    </SearchPaths>
    <Parsing>
      <SyntaxOptions>
        <CStyleOperator Value="False"/>
        <AllowLabel Value="False"/>
        <CPPInline Value="False"/>
      </SyntaxOptions>
    </Parsing>
    <CodeGeneration>
      <Checks>
        <IOChecks Value="True"/>
      </Checks>
      <Optimizations>
        <OptimizationLevel Value="0"/>
      </Optimizations>
    </CodeGeneration>
    <Linking>
      <Debugging>
        <GenerateDebugInfo Value="True"/>
      </Debugging>
    </Linking>
    <Other>
      <CompilerPath Value="$(CompPath)"/>
    </Other>
  </CompilerOptions>
  <Debugging>
    <Watches Count="2">
      <Item1>
        <Expression Value="result"/>
      </Item1>
      <Item2>
        <Expression Value="ffullreclength"/>
      </Item2>
    </Watches>
    <Exceptions Count="3">
      <Item1>
        <Name Value="EAbort"/>
      </Item1>
      <Item2>
        <Name Value="ECodetoolError"/>
      </Item2>
      <Item3>
        <Name Value="EFOpenError"/>
      </Item3>
    </Exceptions>
  </Debugging>
</CONFIG>
