<?xml version="1.0"?>
<CONFIG>
  <ProjectOptions>
    <PathDelim Value="\"/>
    <Version Value="7"/>
    <General>
      <Flags>
        <MainUnitHasTitleStatement Value="False"/>
      </Flags>
      <MainUnit Value="0"/>
      <AutoCreateForms Value="False"/>
      <TargetFileExt Value=""/>
      <Title Value="EpiData Software Core Test Project"/>
      <Icon Value="0"/>
      <UseXPManifest Value="True"/>
      <ActiveEditorIndexAtStart Value="0"/>
    </General>
    <VersionInfo>
      <UseVersionInfo Value="True"/>
      <CurrentMajorRevNr Value="1"/>
      <CurrentMinorRevNr Value="2"/>
      <CurrentBuildNr Value="95"/>
      <ProjectVersion Value="0.1.1.93"/>
      <CharSet Value="04B0"/>
    </VersionInfo>
    <PublishOptions>
      <Version Value="2"/>
      <IgnoreBinaries Value="False"/>
      <IncludeFileFilter Value="*.(pas|pp|inc|lfm|lpr|lrs|lpi|lpk|sh|xml)"/>
      <ExcludeFileFilter Value="*.(bak|ppu|ppw|o|so);*~;backup"/>
    </PublishOptions>
    <RunParams>
      <local>
        <FormatVersion Value="1"/>
        <LaunchingApplication PathPlusParams="\usr\X11R6\bin\xterm -T 'Lazarus Run Output' -e $(LazarusDir)\tools\runwait.sh $(TargetCmdLine)"/>
      </local>
    </RunParams>
    <RequiredPackages Count="2">
      <Item1>
        <PackageName Value="FCL"/>
      </Item1>
      <Item2>
        <PackageName Value="LCL"/>
      </Item2>
    </RequiredPackages>
    <Units Count="60">
      <Unit0>
        <Filename Value="minimalcore.lpr"/>
        <IsPartOfProject Value="True"/>
        <UnitName Value="minimalcore"/>
        <CursorPos X="3" Y="5"/>
        <TopLine Value="1"/>
        <EditorIndex Value="0"/>
        <UsageCount Value="203"/>
        <Loaded Value="True"/>
      </Unit0>
      <Unit1>
        <Filename Value="..\Datafile\uqeshandler.pas"/>
        <IsPartOfProject Value="True"/>
        <UnitName Value="UQesHandler"/>
        <CursorPos X="1" Y="215"/>
        <TopLine Value="186"/>
        <UsageCount Value="217"/>
      </Unit1>
      <Unit2>
        <Filename Value="ucommon.pas"/>
        <IsPartOfProject Value="True"/>
        <UnitName Value="UCommon"/>
        <CursorPos X="97" Y="82"/>
        <TopLine Value="63"/>
        <UsageCount Value="217"/>
      </Unit2>
      <Unit3>
        <Filename Value="umain.pas"/>
        <IsPartOfProject Value="True"/>
        <ComponentName Value="MainForm"/>
        <HasResources Value="True"/>
        <ResourceBaseClass Value="Form"/>
        <UnitName Value="UMain"/>
        <CursorPos X="13" Y="327"/>
        <TopLine Value="323"/>
        <EditorIndex Value="1"/>
        <UsageCount Value="217"/>
        <Loaded Value="True"/>
      </Unit3>
      <Unit4>
        <Filename Value="upwform.pas"/>
        <IsPartOfProject Value="True"/>
        <ComponentName Value="formPW"/>
        <HasResources Value="True"/>
        <ResourceBaseClass Value="Form"/>
        <UnitName Value="UPWform"/>
        <CursorPos X="1" Y="1"/>
        <TopLine Value="1"/>
        <UsageCount Value="217"/>
      </Unit4>
      <Unit5>
        <Filename Value="uwarning.pas"/>
        <IsPartOfProject Value="True"/>
        <ComponentName Value="WarningForm"/>
        <HasResources Value="True"/>
        <ResourceBaseClass Value="Form"/>
        <UnitName Value="UWarning"/>
        <CursorPos X="1" Y="1"/>
        <TopLine Value="1"/>
        <UsageCount Value="217"/>
      </Unit5>
      <Unit6>
        <Filename Value="..\Datafile\UCheckFileCmds.pas"/>
        <IsPartOfProject Value="True"/>
        <UnitName Value="UCheckFileCmds"/>
        <UsageCount Value="217"/>
      </Unit6>
      <Unit7>
        <Filename Value="..\Datafile\UCheckFileIO.pas"/>
        <IsPartOfProject Value="True"/>
        <UnitName Value="UCheckFileIO"/>
        <CursorPos X="67" Y="1545"/>
        <TopLine Value="1522"/>
        <UsageCount Value="217"/>
      </Unit7>
      <Unit8>
        <Filename Value="..\Datafile\UCheckFileTypes.pas"/>
        <IsPartOfProject Value="True"/>
        <UnitName Value="UCheckFileTypes"/>
        <CursorPos X="3" Y="22"/>
        <TopLine Value="1"/>
        <UsageCount Value="217"/>
      </Unit8>
      <Unit9>
        <Filename Value="..\Datafile\UDataFileTypes.pas"/>
        <IsPartOfProject Value="True"/>
        <UnitName Value="UDataFileTypes"/>
        <CursorPos X="66" Y="30"/>
        <TopLine Value="1"/>
        <UsageCount Value="217"/>
      </Unit9>
      <Unit10>
        <Filename Value="..\Datafile\UEpiDataFile.pas"/>
        <IsPartOfProject Value="True"/>
        <UnitName Value="UEpiDataFile"/>
        <CursorPos X="3" Y="1364"/>
        <TopLine Value="1360"/>
        <UsageCount Value="217"/>
      </Unit10>
      <Unit11>
        <Filename Value="..\Datafile\uimportexport.pas"/>
        <IsPartOfProject Value="True"/>
        <ComponentName Value="Form1"/>
        <HasResources Value="True"/>
        <ResourceBaseClass Value="Form"/>
        <UnitName Value="UImportExport"/>
        <CursorPos X="43" Y="2426"/>
        <TopLine Value="2400"/>
        <UsageCount Value="217"/>
        <Bookmarks Count="2">
          <Item0 X="3" Y="1641" ID="1"/>
          <Item1 X="3" Y="1384" ID="2"/>
        </Bookmarks>
      </Unit11>
      <Unit12>
        <Filename Value="..\Datafile\UValueLabels.pas"/>
        <IsPartOfProject Value="True"/>
        <UnitName Value="UValueLabels"/>
        <CursorPos X="1" Y="1"/>
        <TopLine Value="1"/>
        <UsageCount Value="217"/>
      </Unit12>
      <Unit13>
        <Filename Value="..\Encryption\Base64.pas"/>
        <IsPartOfProject Value="True"/>
        <UnitName Value="Base64"/>
        <UsageCount Value="217"/>
      </Unit13>
      <Unit14>
        <Filename Value="..\Encryption\DCPcrypt.pas"/>
        <IsPartOfProject Value="True"/>
        <UnitName Value="DCPcrypt"/>
        <UsageCount Value="217"/>
      </Unit14>
      <Unit15>
        <Filename Value="..\Encryption\Rijndael.pas"/>
        <IsPartOfProject Value="True"/>
        <UnitName Value="Rijndael"/>
        <UsageCount Value="217"/>
      </Unit15>
      <Unit16>
        <Filename Value="..\Encryption\SHA1.pas"/>
        <IsPartOfProject Value="True"/>
        <UnitName Value="SHA1"/>
        <UsageCount Value="217"/>
      </Unit16>
      <Unit17>
        <Filename Value="..\Utils\UDateUtils.pas"/>
        <IsPartOfProject Value="True"/>
        <UnitName Value="UDateUtils"/>
        <CursorPos X="1" Y="170"/>
        <TopLine Value="163"/>
        <UsageCount Value="217"/>
      </Unit17>
      <Unit18>
        <Filename Value="..\Utils\UDebug.pas"/>
        <UnitName Value="UDebug"/>
        <CursorPos X="8" Y="14"/>
        <TopLine Value="1"/>
        <UsageCount Value="40"/>
      </Unit18>
      <Unit19>
        <Filename Value="..\Utils\UEpiDataConstants.pas"/>
        <UnitName Value="UEpiDataConstants"/>
        <CursorPos X="71" Y="12"/>
        <TopLine Value="1"/>
        <UsageCount Value="62"/>
      </Unit19>
      <Unit20>
        <Filename Value="..\Utils\UEpiUtils.pas"/>
        <IsPartOfProject Value="True"/>
        <UnitName Value="UEpiUtils"/>
        <CursorPos X="1" Y="220"/>
        <TopLine Value="191"/>
        <EditorIndex Value="3"/>
        <UsageCount Value="217"/>
        <Loaded Value="True"/>
      </Unit20>
      <Unit21>
        <Filename Value="..\Utils\UStringUtils.pas"/>
        <IsPartOfProject Value="True"/>
        <UnitName Value="UStringUtils"/>
        <CursorPos X="1" Y="159"/>
        <TopLine Value="120"/>
        <UsageCount Value="217"/>
      </Unit21>
      <Unit22>
        <Filename Value="..\Utils\UUtilTypes.pas"/>
        <IsPartOfProject Value="True"/>
        <UnitName Value="UUtilTypes"/>
        <CursorPos X="3" Y="8"/>
        <TopLine Value="1"/>
        <UsageCount Value="217"/>
      </Unit22>
      <Unit23>
        <Filename Value="..\Utils\UEpiLog.pas"/>
        <IsPartOfProject Value="True"/>
        <UnitName Value="UEpiLog"/>
        <CursorPos X="19" Y="91"/>
        <TopLine Value="84"/>
        <EditorIndex Value="2"/>
        <UsageCount Value="200"/>
        <Loaded Value="True"/>
      </Unit23>
      <Unit24>
        <Filename Value="..\Utils\uepidataglobals.pas"/>
        <IsPartOfProject Value="True"/>
        <UnitName Value="UEpiDataGlobals"/>
        <CursorPos X="3" Y="31"/>
        <TopLine Value="8"/>
        <UsageCount Value="224"/>
      </Unit24>
      <Unit25>
        <Filename Value="..\..\..\..\..\..\usr\share\fpcsrc\rtl\objpas\sysutils\sysstrh.inc"/>
        <CursorPos X="10" Y="214"/>
        <TopLine Value="191"/>
        <UsageCount Value="19"/>
      </Unit25>
      <Unit26>
        <Filename Value="..\..\..\..\..\..\usr\share\fpcsrc\rtl\objpas\sysutils\sysstr.inc"/>
        <CursorPos X="3" Y="811"/>
        <TopLine Value="795"/>
        <UsageCount Value="19"/>
      </Unit26>
      <Unit27>
        <Filename Value="..\..\..\Entry\source\ImportUnit.pas"/>
        <UnitName Value="ImportUnit"/>
        <CursorPos X="69" Y="52"/>
        <TopLine Value="40"/>
        <UsageCount Value="3"/>
      </Unit27>
      <Unit28>
        <Filename Value="uimportform.pas"/>
        <IsPartOfProject Value="True"/>
        <ComponentName Value="ImportForm"/>
        <ResourceBaseClass Value="Form"/>
        <UnitName Value="uimportform"/>
        <CursorPos X="71" Y="72"/>
        <TopLine Value="53"/>
        <UsageCount Value="219"/>
      </Unit28>
      <Unit29>
        <Filename Value="..\..\..\localtest\ImportUnit.pas"/>
        <ComponentName Value="ImportForm"/>
        <HasResources Value="True"/>
        <ResourceBaseClass Value="Form"/>
        <UnitName Value="ImportUnit"/>
        <CursorPos X="3" Y="108"/>
        <TopLine Value="106"/>
        <UsageCount Value="3"/>
      </Unit29>
      <Unit30>
        <Filename Value="..\..\..\Analysis\trunk\UFrames.pas"/>
        <UnitName Value="UFrames"/>
        <CursorPos X="3" Y="1877"/>
        <TopLine Value="1875"/>
        <UsageCount Value="16"/>
      </Unit30>
      <Unit31>
        <Filename Value="..\..\..\..\FreePascal\fpcsrc\rtl\inc\system.inc"/>
        <CursorPos X="78" Y="921"/>
        <TopLine Value="891"/>
        <UsageCount Value="21"/>
      </Unit31>
      <Unit32>
        <Filename Value="..\..\..\..\FreePascal\fpcsrc\rtl\inc\astrings.inc"/>
        <CursorPos X="1" Y="108"/>
        <TopLine Value="85"/>
        <UsageCount Value="20"/>
      </Unit32>
      <Unit33>
        <Filename Value="..\..\..\..\FreePascal\fpspreadsheet\fpspreadsheet.pas"/>
        <UnitName Value="fpspreadsheet"/>
        <CursorPos X="69" Y="492"/>
        <TopLine Value="461"/>
        <UsageCount Value="30"/>
      </Unit33>
      <Unit34>
        <Filename Value="settings.pas"/>
        <IsPartOfProject Value="True"/>
        <ComponentName Value="SettingsForm"/>
        <ResourceBaseClass Value="Form"/>
        <UnitName Value="Settings"/>
        <CursorPos X="44" Y="34"/>
        <TopLine Value="14"/>
        <UsageCount Value="203"/>
      </Unit34>
      <Unit35>
        <Filename Value="..\..\..\..\FreePascal\lazarus\lcl\lconvencoding.pas"/>
        <UnitName Value="LConvEncoding"/>
        <CursorPos X="29" Y="3623"/>
        <TopLine Value="3611"/>
        <UsageCount Value="20"/>
      </Unit35>
      <Unit36>
        <Filename Value="..\..\..\..\FreePascal\lazarus\lcl\grids.pas"/>
        <UnitName Value="Grids"/>
        <CursorPos X="76" Y="7370"/>
        <TopLine Value="7348"/>
        <UsageCount Value="14"/>
      </Unit36>
      <Unit37>
        <Filename Value="..\..\..\..\FreePascal\fpcsrc\rtl\objpas\sysutils\sysstr.inc"/>
        <CursorPos X="1" Y="947"/>
        <TopLine Value="924"/>
        <UsageCount Value="9"/>
      </Unit37>
      <Unit38>
        <Filename Value="..\..\..\..\FreePascal\fpcsrc\rtl\objpas\sysutils\sysformt.inc"/>
        <CursorPos X="1" Y="303"/>
        <TopLine Value="280"/>
        <UsageCount Value="9"/>
      </Unit38>
      <Unit39>
        <Filename Value="..\..\..\..\FreePascal\fpspreadsheet\fpsallformats.pas"/>
        <UnitName Value="fpsallformats"/>
        <CursorPos X="41" Y="13"/>
        <TopLine Value="1"/>
        <UsageCount Value="13"/>
      </Unit39>
      <Unit40>
        <Filename Value="..\..\..\..\FreePascal\fpspreadsheet\xlsbiff2.pas"/>
        <UnitName Value="xlsbiff2"/>
        <CursorPos X="48" Y="37"/>
        <TopLine Value="14"/>
        <UsageCount Value="0"/>
      </Unit40>
      <Unit41>
        <Filename Value="..\..\..\..\FreePascal\fpspreadsheet\xlscommon.pas"/>
        <UnitName Value="xlscommon"/>
        <CursorPos X="3" Y="32"/>
        <TopLine Value="1"/>
        <UsageCount Value="0"/>
      </Unit41>
      <Unit42>
        <Filename Value="..\..\..\..\FreePascal\fpspreadsheet\fpszipper.pp"/>
        <UnitName Value="fpszipper"/>
        <CursorPos X="7" Y="1609"/>
        <TopLine Value="1589"/>
        <UsageCount Value="9"/>
      </Unit42>
      <Unit43>
        <Filename Value="..\..\..\..\FreePascal\fpspreadsheet\fpsopendocument.pas"/>
        <UnitName Value="fpsopendocument"/>
        <CursorPos X="20" Y="203"/>
        <TopLine Value="177"/>
        <UsageCount Value="13"/>
      </Unit43>
      <Unit44>
        <Filename Value="..\..\..\..\FreePascal\fpspreadsheet\fpsutils.pas"/>
        <UnitName Value="fpsutils"/>
        <CursorPos X="1" Y="1"/>
        <TopLine Value="72"/>
        <UsageCount Value="0"/>
      </Unit44>
      <Unit45>
        <Filename Value="..\..\..\..\..\..\usr\share\fpcsrc\packages\fcl-xml\src\dom.pp"/>
        <UnitName Value="DOM"/>
        <CursorPos X="46" Y="253"/>
        <TopLine Value="230"/>
        <UsageCount Value="13"/>
      </Unit45>
      <Unit46>
        <Filename Value="..\..\..\..\FreePascal\fpspreadsheet\fpsconvencoding.pas"/>
        <UnitName Value="fpsconvencoding"/>
        <CursorPos X="1" Y="1"/>
        <TopLine Value="1"/>
        <UsageCount Value="0"/>
      </Unit46>
      <Unit47>
        <Filename Value="..\..\..\..\FreePascal\fpspreadsheet\fpolebasic.pas"/>
        <UnitName Value="fpolebasic"/>
        <CursorPos X="1" Y="1"/>
        <TopLine Value="1"/>
        <UsageCount Value="0"/>
      </Unit47>
      <Unit48>
        <Filename Value="..\..\..\..\FreePascal\fpspreadsheet\fpolestorage.pas"/>
        <UnitName Value="fpolestorage"/>
        <CursorPos X="1" Y="1"/>
        <TopLine Value="66"/>
        <UsageCount Value="0"/>
      </Unit48>
      <Unit49>
        <Filename Value="..\..\..\..\FreePascal\fpspreadsheet\laz_fpspreadsheet.pas"/>
        <UnitName Value="laz_fpspreadsheet"/>
        <CursorPos X="1" Y="1"/>
        <TopLine Value="1"/>
        <UsageCount Value="0"/>
      </Unit49>
      <Unit50>
        <Filename Value="..\..\..\..\FreePascal\fpspreadsheet\uvirtuallayer.pas"/>
        <UnitName Value="uvirtuallayer"/>
        <CursorPos X="1" Y="1"/>
        <TopLine Value="1"/>
        <UsageCount Value="0"/>
      </Unit50>
      <Unit51>
        <Filename Value="..\..\..\..\FreePascal\fpspreadsheet\uvirtuallayer_ole.pas"/>
        <UnitName Value="uvirtuallayer_ole"/>
        <CursorPos X="1" Y="1"/>
        <TopLine Value="1"/>
        <UsageCount Value="0"/>
      </Unit51>
      <Unit52>
        <Filename Value="..\..\..\..\FreePascal\fpspreadsheet\uvirtuallayer_ole_helpers.pas"/>
        <UnitName Value="uvirtuallayer_ole_helpers"/>
        <CursorPos X="1" Y="1"/>
        <TopLine Value="1"/>
        <UsageCount Value="0"/>
      </Unit52>
      <Unit53>
        <Filename Value="..\..\..\..\FreePascal\fpspreadsheet\uvirtuallayer_ole_types.pas"/>
        <UnitName Value="uvirtuallayer_ole_types"/>
        <CursorPos X="1" Y="1"/>
        <TopLine Value="1"/>
        <UsageCount Value="0"/>
      </Unit53>
      <Unit54>
        <Filename Value="..\..\..\..\FreePascal\fpspreadsheet\uvirtuallayer_stream.pas"/>
        <UnitName Value="uvirtuallayer_stream"/>
        <CursorPos X="1" Y="1"/>
        <TopLine Value="1"/>
        <UsageCount Value="0"/>
      </Unit54>
      <Unit55>
        <Filename Value="..\..\..\..\FreePascal\fpspreadsheet\uvirtuallayer_types.pas"/>
        <UnitName Value="uvirtuallayer_types"/>
        <CursorPos X="1" Y="1"/>
        <TopLine Value="1"/>
        <UsageCount Value="0"/>
      </Unit55>
      <Unit56>
        <Filename Value="..\..\..\..\FreePascal\fpspreadsheet\xlsbiff5.pas"/>
        <UnitName Value="xlsbiff5"/>
        <CursorPos X="1" Y="1"/>
        <TopLine Value="1"/>
        <UsageCount Value="0"/>
      </Unit56>
      <Unit57>
        <Filename Value="..\..\..\..\FreePascal\fpspreadsheet\xlsbiff8.pas"/>
        <UnitName Value="xlsbiff8"/>
        <CursorPos X="1" Y="1"/>
        <TopLine Value="1"/>
        <UsageCount Value="0"/>
      </Unit57>
      <Unit58>
        <Filename Value="..\..\..\..\FreePascal\fpspreadsheet\xlsxooxml.pas"/>
        <UnitName Value="xlsxooxml"/>
        <CursorPos X="72" Y="23"/>
        <TopLine Value="1"/>
        <UsageCount Value="0"/>
      </Unit58>
      <Unit59>
        <Filename Value="..\..\..\..\..\..\usr\share\fpcsrc\packages\fcl-xml\src\xmlread.pp"/>
        <UnitName Value="XMLRead"/>
        <CursorPos X="11" Y="44"/>
        <TopLine Value="21"/>
        <UsageCount Value="9"/>
      </Unit59>
    </Units>
    <JumpHistory Count="6" HistoryIndex="5">
      <Position1>
        <Filename Value="umain.pas"/>
        <Caret Line="209" Column="3" TopLine="207"/>
      </Position1>
      <Position2>
        <Filename Value="umain.pas"/>
        <Caret Line="380" Column="3" TopLine="374"/>
      </Position2>
      <Position3>
        <Filename Value="umain.pas"/>
        <Caret Line="327" Column="13" TopLine="323"/>
      </Position3>
      <Position4>
        <Filename Value="..\Utils\UEpiLog.pas"/>
        <Caret Line="91" Column="19" TopLine="84"/>
      </Position4>
      <Position5>
        <Filename Value="..\Utils\UEpiUtils.pas"/>
        <Caret Line="220" Column="13" TopLine="188"/>
      </Position5>
      <Position6>
        <Filename Value="..\Utils\UEpiUtils.pas"/>
        <Caret Line="59" Column="4" TopLine="27"/>
      </Position6>
    </JumpHistory>
  </ProjectOptions>
  <CompilerOptions>
    <Version Value="8"/>
    <PathDelim Value="\"/>
    <Target>
      <Filename Value="minimalcoretest"/>
    </Target>
    <SearchPaths>
      <IncludeFiles Value="$(ProjOutDir)\"/>
      <OtherUnitFiles Value="..\Datafile\;..\Encryption\;..\Utils\;$PkgSrcPath(laz_fpspreadsheet 0.0)\"/>
    </SearchPaths>
    <Parsing>
      <SyntaxOptions>
        <CStyleOperator Value="False"/>
        <AllowLabel Value="False"/>
        <CPPInline Value="False"/>
      </SyntaxOptions>
    </Parsing>
    <CodeGeneration>
      <SmartLinkUnit Value="True"/>
      <Optimizations>
        <OptimizationLevel Value="3"/>
      </Optimizations>
    </CodeGeneration>
    <Linking>
      <Debugging>
        <UseLineInfoUnit Value="False"/>
      </Debugging>
      <LinkSmart Value="True"/>
      <Options>
        <Win32>
          <GraphicApplication Value="True"/>
        </Win32>
      </Options>
    </Linking>
    <Other>
      <CompilerPath Value="$(CompPath)"/>
    </Other>
  </CompilerOptions>
  <Debugging>
    <Watches Count="2">
      <Item1>
        <Expression Value="result"/>
      </Item1>
      <Item2>
        <Expression Value="ffullreclength"/>
      </Item2>
    </Watches>
    <Exceptions Count="3">
      <Item1>
        <Name Value="EAbort"/>
      </Item1>
      <Item2>
        <Name Value="ECodetoolError"/>
      </Item2>
      <Item3>
        <Name Value="EFOpenError"/>
      </Item3>
    </Exceptions>
  </Debugging>
</CONFIG>
