<?xml version="1.0"?>
<CONFIG>
  <ProjectOptions>
    <PathDelim Value="\"/>
    <Version Value="7"/>
    <General>
      <Flags>
        <MainUnitHasTitleStatement Value="False"/>
      </Flags>
      <MainUnit Value="0"/>
      <AutoCreateForms Value="False"/>
      <TargetFileExt Value=""/>
      <Title Value="EpiData Software Core Test Project"/>
      <UseAppBundle Value="False"/>
      <Icon Value="0"/>
      <UseXPManifest Value="True"/>
      <ActiveEditorIndexAtStart Value="2"/>
    </General>
    <VersionInfo>
      <UseVersionInfo Value="True"/>
      <CurrentMajorRevNr Value="1"/>
      <CurrentMinorRevNr Value="1"/>
      <CurrentBuildNr Value="94"/>
      <ProjectVersion Value="0.1.1.93"/>
      <CharSet Value="04B0"/>
    </VersionInfo>
    <PublishOptions>
      <Version Value="2"/>
      <IgnoreBinaries Value="False"/>
      <IncludeFileFilter Value="*.(pas|pp|inc|lfm|lpr|lrs|lpi|lpk|sh|xml)"/>
      <ExcludeFileFilter Value="*.(bak|ppu|ppw|o|so);*~;backup"/>
    </PublishOptions>
    <RunParams>
      <local>
        <FormatVersion Value="1"/>
        <LaunchingApplication PathPlusParams="\usr\X11R6\bin\xterm -T 'Lazarus Run Output' -e $(LazarusDir)\tools\runwait.sh $(TargetCmdLine)"/>
      </local>
    </RunParams>
    <RequiredPackages Count="1">
      <Item1>
        <PackageName Value="LCL"/>
      </Item1>
    </RequiredPackages>
    <Units Count="46">
      <Unit0>
        <Filename Value="minimalcore.lpr"/>
        <IsPartOfProject Value="True"/>
        <UnitName Value="minimalcore"/>
        <CursorPos X="64" Y="21"/>
        <TopLine Value="1"/>
        <EditorIndex Value="0"/>
        <UsageCount Value="203"/>
        <Loaded Value="True"/>
      </Unit0>
      <Unit1>
        <Filename Value="..\Datafile\uqeshandler.pas"/>
        <IsPartOfProject Value="True"/>
        <UnitName Value="UQesHandler"/>
        <CursorPos X="95" Y="53"/>
        <TopLine Value="31"/>
        <UsageCount Value="111"/>
      </Unit1>
      <Unit2>
        <Filename Value="ucommon.pas"/>
        <IsPartOfProject Value="True"/>
        <UnitName Value="UCommon"/>
        <CursorPos X="18" Y="24"/>
        <TopLine Value="1"/>
        <UsageCount Value="111"/>
      </Unit2>
      <Unit3>
        <Filename Value="umain.pas"/>
        <IsPartOfProject Value="True"/>
        <ComponentName Value="MainForm"/>
        <HasResources Value="True"/>
        <ResourceBaseClass Value="Form"/>
        <UnitName Value="UMain"/>
        <CursorPos X="18" Y="94"/>
        <TopLine Value="70"/>
        <UsageCount Value="111"/>
      </Unit3>
      <Unit4>
        <Filename Value="upwform.pas"/>
        <IsPartOfProject Value="True"/>
        <ComponentName Value="formPW"/>
        <HasResources Value="True"/>
        <ResourceBaseClass Value="Form"/>
        <UnitName Value="UPWform"/>
        <CursorPos X="1" Y="1"/>
        <TopLine Value="1"/>
        <UsageCount Value="111"/>
      </Unit4>
      <Unit5>
        <Filename Value="uwarning.pas"/>
        <IsPartOfProject Value="True"/>
        <ComponentName Value="WarningForm"/>
        <HasResources Value="True"/>
        <ResourceBaseClass Value="Form"/>
        <UnitName Value="UWarning"/>
        <CursorPos X="1" Y="1"/>
        <TopLine Value="1"/>
        <UsageCount Value="111"/>
      </Unit5>
      <Unit6>
        <Filename Value="..\Datafile\UCheckFileCmds.pas"/>
        <IsPartOfProject Value="True"/>
        <UnitName Value="UCheckFileCmds"/>
        <UsageCount Value="111"/>
      </Unit6>
      <Unit7>
        <Filename Value="..\Datafile\UCheckFileIO.pas"/>
        <IsPartOfProject Value="True"/>
        <UnitName Value="UCheckFileIO"/>
        <CursorPos X="28" Y="90"/>
        <TopLine Value="66"/>
        <UsageCount Value="111"/>
      </Unit7>
      <Unit8>
        <Filename Value="..\Datafile\UCheckFileTypes.pas"/>
        <IsPartOfProject Value="True"/>
        <UnitName Value="UCheckFileTypes"/>
        <CursorPos X="3" Y="22"/>
        <TopLine Value="1"/>
        <UsageCount Value="111"/>
      </Unit8>
      <Unit9>
        <Filename Value="..\Datafile\UDataFileTypes.pas"/>
        <IsPartOfProject Value="True"/>
        <UnitName Value="UDataFileTypes"/>
        <CursorPos X="1" Y="1"/>
        <TopLine Value="1"/>
        <UsageCount Value="111"/>
      </Unit9>
      <Unit10>
        <Filename Value="..\Datafile\UEpiDataFile.pas"/>
        <IsPartOfProject Value="True"/>
        <UnitName Value="UEpiDataFile"/>
        <CursorPos X="61" Y="9"/>
        <TopLine Value="1"/>
        <UsageCount Value="111"/>
      </Unit10>
      <Unit11>
        <Filename Value="..\Datafile\uimportexport.pas"/>
        <IsPartOfProject Value="True"/>
        <UnitName Value="UImportExport"/>
        <CursorPos X="32" Y="96"/>
        <TopLine Value="73"/>
        <UsageCount Value="111"/>
      </Unit11>
      <Unit12>
        <Filename Value="..\Datafile\UValueLabels.pas"/>
        <IsPartOfProject Value="True"/>
        <UnitName Value="UValueLabels"/>
        <CursorPos X="1" Y="1"/>
        <TopLine Value="1"/>
        <UsageCount Value="111"/>
      </Unit12>
      <Unit13>
        <Filename Value="..\Encryption\Base64.pas"/>
        <IsPartOfProject Value="True"/>
        <UnitName Value="Base64"/>
        <UsageCount Value="111"/>
      </Unit13>
      <Unit14>
        <Filename Value="..\Encryption\DCPcrypt.pas"/>
        <IsPartOfProject Value="True"/>
        <UnitName Value="DCPcrypt"/>
        <UsageCount Value="111"/>
      </Unit14>
      <Unit15>
        <Filename Value="..\Encryption\Rijndael.pas"/>
        <IsPartOfProject Value="True"/>
        <UnitName Value="Rijndael"/>
        <UsageCount Value="111"/>
      </Unit15>
      <Unit16>
        <Filename Value="..\Encryption\SHA1.pas"/>
        <IsPartOfProject Value="True"/>
        <UnitName Value="SHA1"/>
        <UsageCount Value="111"/>
      </Unit16>
      <Unit17>
        <Filename Value="..\Utils\UDateUtils.pas"/>
        <IsPartOfProject Value="True"/>
        <UnitName Value="UDateUtils"/>
        <CursorPos X="90" Y="29"/>
        <TopLine Value="1"/>
        <EditorIndex Value="3"/>
        <UsageCount Value="111"/>
        <Loaded Value="True"/>
      </Unit17>
      <Unit18>
        <Filename Value="..\Utils\UDebug.pas"/>
        <UnitName Value="UDebug"/>
        <CursorPos X="8" Y="14"/>
        <TopLine Value="1"/>
        <UsageCount Value="86"/>
      </Unit18>
      <Unit19>
        <Filename Value="..\Utils\UEpiDataConstants.pas"/>
        <UnitName Value="UEpiDataConstants"/>
        <CursorPos X="71" Y="12"/>
        <TopLine Value="1"/>
        <UsageCount Value="108"/>
      </Unit19>
      <Unit20>
        <Filename Value="..\Utils\UEpiUtils.pas"/>
        <IsPartOfProject Value="True"/>
        <UnitName Value="UEpiUtils"/>
        <CursorPos X="28" Y="8"/>
        <TopLine Value="1"/>
        <UsageCount Value="111"/>
      </Unit20>
      <Unit21>
        <Filename Value="..\Utils\UStringUtils.pas"/>
        <IsPartOfProject Value="True"/>
        <UnitName Value="UStringUtils"/>
        <CursorPos X="71" Y="38"/>
        <TopLine Value="1"/>
        <UsageCount Value="111"/>
      </Unit21>
      <Unit22>
        <Filename Value="..\Utils\UUtilTypes.pas"/>
        <IsPartOfProject Value="True"/>
        <UnitName Value="UUtilTypes"/>
        <CursorPos X="3" Y="8"/>
        <TopLine Value="1"/>
        <UsageCount Value="111"/>
      </Unit22>
      <Unit23>
        <Filename Value="..\..\..\..\FreePascal\fpc\rtl\inc\ustrings.inc"/>
        <CursorPos X="1" Y="308"/>
        <TopLine Value="287"/>
        <UsageCount Value="2"/>
      </Unit23>
      <Unit24>
        <Filename Value="..\..\..\..\FreePascal\fpc\rtl\i386\i386.inc"/>
        <CursorPos X="1" Y="1484"/>
        <TopLine Value="1463"/>
        <UsageCount Value="2"/>
      </Unit24>
      <Unit25>
        <Filename Value="..\..\..\..\FreePascal\fpc\rtl\objpas\sysutils\sysstr.inc"/>
        <CursorPos X="1" Y="552"/>
        <TopLine Value="531"/>
        <UsageCount Value="2"/>
      </Unit25>
      <Unit26>
        <Filename Value="..\..\..\..\FreePascal\fpc\rtl\inc\astrings.inc"/>
        <CursorPos X="1" Y="122"/>
        <TopLine Value="101"/>
        <UsageCount Value="2"/>
      </Unit26>
      <Unit27>
        <Filename Value="..\..\..\..\..\..\usr\share\fpcsrc\2.3.1\rtl\inc\ustringh.inc"/>
        <CursorPos X="10" Y="102"/>
        <TopLine Value="78"/>
        <UsageCount Value="1"/>
      </Unit27>
      <Unit28>
        <Filename Value="..\..\..\..\..\..\usr\share\fpcsrc\2.3.1\rtl\inc\ustrings.inc"/>
        <CursorPos X="17" Y="2333"/>
        <TopLine Value="2331"/>
        <UsageCount Value="1"/>
      </Unit28>
      <Unit29>
        <Filename Value="..\..\..\..\..\..\usr\share\fpcsrc\2.3.1\rtl\objpas\sysutils\sysstrh.inc"/>
        <CursorPos X="10" Y="229"/>
        <TopLine Value="208"/>
        <UsageCount Value="1"/>
      </Unit29>
      <Unit30>
        <Filename Value="..\..\..\..\..\..\usr\share\fpcsrc\2.3.1\rtl\objpas\sysutils\sysstr.inc"/>
        <CursorPos X="3" Y="2603"/>
        <TopLine Value="2577"/>
        <UsageCount Value="1"/>
      </Unit30>
      <Unit31>
        <Filename Value="..\..\..\..\..\..\usr\local\share\lazarus\lcl\include\fileutil.inc"/>
        <CursorPos X="3" Y="102"/>
        <TopLine Value="100"/>
        <UsageCount Value="2"/>
      </Unit31>
      <Unit32>
        <Filename Value="..\..\..\..\FreePascal\fpc\rtl\inc\except.inc"/>
        <CursorPos X="1" Y="227"/>
        <TopLine Value="206"/>
        <UsageCount Value="2"/>
      </Unit32>
      <Unit33>
        <Filename Value="..\..\..\..\..\..\usr\share\fpcsrc\2.3.1\rtl\unix\cwstring.pp"/>
        <UnitName Value="cwstring"/>
        <CursorPos X="1" Y="261"/>
        <TopLine Value="240"/>
        <UsageCount Value="2"/>
      </Unit33>
      <Unit34>
        <Filename Value="umain.lfm"/>
        <CursorPos X="1" Y="1"/>
        <TopLine Value="1"/>
        <UsageCount Value="1"/>
        <SyntaxHighlighter Value="LFM"/>
      </Unit34>
      <Unit35>
        <Filename Value="..\..\..\..\..\..\usr\local\share\lazarus\lcl\fileutil.pas"/>
        <UnitName Value="FileUtil"/>
        <CursorPos X="16" Y="187"/>
        <TopLine Value="166"/>
        <UsageCount Value="29"/>
      </Unit35>
      <Unit36>
        <Filename Value="..\Utils\ErrorCodes.inc"/>
        <CursorPos X="1" Y="1"/>
        <TopLine Value="1"/>
        <UsageCount Value="10"/>
      </Unit36>
      <Unit37>
        <Filename Value="..\Utils\UEpiLog.pas"/>
        <IsPartOfProject Value="True"/>
        <UnitName Value="UEpiLog"/>
        <CursorPos X="1" Y="36"/>
        <TopLine Value="1"/>
        <UsageCount Value="43"/>
      </Unit37>
      <Unit38>
        <Filename Value="..\..\..\Entry\source\FileUnit.pas"/>
        <UnitName Value="FileUnit"/>
        <CursorPos X="1" Y="1734"/>
        <TopLine Value="1703"/>
        <UsageCount Value="18"/>
      </Unit38>
      <Unit39>
        <Filename Value="..\..\..\Entry\source\EPITypes.pas"/>
        <UnitName Value="EPITypes"/>
        <CursorPos X="61" Y="1315"/>
        <TopLine Value="1308"/>
        <EditorIndex Value="1"/>
        <UsageCount Value="15"/>
        <Loaded Value="True"/>
      </Unit39>
      <Unit40>
        <Filename Value="..\..\..\..\..\..\usr\share\fpcsrc\rtl\unix\sysunixh.inc"/>
        <CursorPos X="2" Y="32"/>
        <TopLine Value="9"/>
        <UsageCount Value="9"/>
      </Unit40>
      <Unit41>
        <Filename Value="..\..\..\..\..\..\usr\share\fpcsrc\rtl\inc\ustringh.inc"/>
        <CursorPos X="11" Y="32"/>
        <TopLine Value="9"/>
        <UsageCount Value="9"/>
      </Unit41>
      <Unit42>
        <Filename Value="..\..\..\..\..\..\usr\share\fpcsrc\rtl\inc\ustrings.inc"/>
        <CursorPos X="3" Y="1669"/>
        <TopLine Value="1665"/>
        <UsageCount Value="9"/>
      </Unit42>
      <Unit43>
        <Filename Value="..\..\..\..\..\..\usr\share\fpcsrc\rtl\objpas\classes\classesh.inc"/>
        <CursorPos X="10" Y="1888"/>
        <TopLine Value="1842"/>
        <UsageCount Value="9"/>
      </Unit43>
      <Unit44>
        <Filename Value="..\..\..\..\..\..\usr\share\fpcsrc\rtl\objpas\classes\classes.inc"/>
        <CursorPos X="3" Y="251"/>
        <TopLine Value="220"/>
        <UsageCount Value="9"/>
      </Unit44>
      <Unit45>
        <Filename Value="..\Utils\uepidataglobals.pas"/>
        <IsPartOfProject Value="True"/>
        <UnitName Value="UEpiDataGlobals"/>
        <CursorPos X="52" Y="21"/>
        <TopLine Value="73"/>
        <EditorIndex Value="2"/>
        <UsageCount Value="22"/>
        <Loaded Value="True"/>
      </Unit45>
    </Units>
    <JumpHistory Count="16" HistoryIndex="15">
      <Position1>
        <Filename Value="..\Utils\UDateUtils.pas"/>
        <Caret Line="27" Column="3" TopLine="19"/>
      </Position1>
      <Position2>
        <Filename Value="..\Utils\UDateUtils.pas"/>
        <Caret Line="8" Column="44" TopLine="1"/>
      </Position2>
      <Position3>
        <Filename Value="..\Utils\UDateUtils.pas"/>
        <Caret Line="1" Column="1" TopLine="1"/>
      </Position3>
      <Position4>
        <Filename Value="..\Utils\UDateUtils.pas"/>
        <Caret Line="8" Column="19" TopLine="1"/>
      </Position4>
      <Position5>
        <Filename Value="..\Utils\UDateUtils.pas"/>
        <Caret Line="1" Column="1" TopLine="1"/>
      </Position5>
      <Position6>
        <Filename Value="..\Utils\uepidataglobals.pas"/>
        <Caret Line="79" Column="31" TopLine="40"/>
      </Position6>
      <Position7>
        <Filename Value="..\Utils\uepidataglobals.pas"/>
        <Caret Line="91" Column="48" TopLine="52"/>
      </Position7>
      <Position8>
        <Filename Value="..\Utils\uepidataglobals.pas"/>
        <Caret Line="77" Column="51" TopLine="65"/>
      </Position8>
      <Position9>
        <Filename Value="..\Utils\uepidataglobals.pas"/>
        <Caret Line="76" Column="3" TopLine="52"/>
      </Position9>
      <Position10>
        <Filename Value="..\Utils\uepidataglobals.pas"/>
        <Caret Line="74" Column="64" TopLine="53"/>
      </Position10>
      <Position11>
        <Filename Value="..\Utils\uepidataglobals.pas"/>
        <Caret Line="105" Column="21" TopLine="68"/>
      </Position11>
      <Position12>
        <Filename Value="..\Utils\uepidataglobals.pas"/>
        <Caret Line="106" Column="10" TopLine="68"/>
      </Position12>
      <Position13>
        <Filename Value="..\Utils\uepidataglobals.pas"/>
        <Caret Line="105" Column="35" TopLine="59"/>
      </Position13>
      <Position14>
        <Filename Value="..\Utils\uepidataglobals.pas"/>
        <Caret Line="68" Column="2" TopLine="45"/>
      </Position14>
      <Position15>
        <Filename Value="..\Utils\uepidataglobals.pas"/>
        <Caret Line="21" Column="1" TopLine="1"/>
      </Position15>
      <Position16>
        <Filename Value="..\Utils\uepidataglobals.pas"/>
        <Caret Line="109" Column="22" TopLine="66"/>
      </Position16>
    </JumpHistory>
  </ProjectOptions>
  <CompilerOptions>
    <Version Value="8"/>
    <PathDelim Value="\"/>
    <Target>
      <Filename Value="minimalcoretest"/>
    </Target>
    <SearchPaths>
      <IncludeFiles Value="$(ProjOutDir)\"/>
      <OtherUnitFiles Value="..\Datafile\;..\Encryption\;..\Utils\"/>
    </SearchPaths>
    <Parsing>
      <SyntaxOptions>
        <CStyleOperator Value="False"/>
        <AllowLabel Value="False"/>
        <CPPInline Value="False"/>
      </SyntaxOptions>
    </Parsing>
    <CodeGeneration>
      <Checks>
        <IOChecks Value="True"/>
        <RangeChecks Value="True"/>
      </Checks>
      <Optimizations>
        <OptimizationLevel Value="0"/>
      </Optimizations>
    </CodeGeneration>
    <Linking>
      <Debugging>
        <GenerateDebugInfo Value="True"/>
      </Debugging>
    </Linking>
    <Other>
      <CompilerPath Value="$(CompPath)"/>
    </Other>
  </CompilerOptions>
  <Debugging>
    <Exceptions Count="3">
      <Item1>
        <Name Value="EAbort"/>
      </Item1>
      <Item2>
        <Name Value="ECodetoolError"/>
      </Item2>
      <Item3>
        <Name Value="EFOpenError"/>
      </Item3>
    </Exceptions>
  </Debugging>
</CONFIG>
